
Microsoft Visual Studio Solution File, Format Version 12.00
# Visual Studio Version 17
VisualStudioVersion = 17.9.34622.214
MinimumVisualStudioVersion = 10.0.40219.1
Project("{FAE04EC0-301F-11D3-BF4B-00C04F79EFBC}") = "RepositoryManager", "RepositoryManager.csproj", "{5BB55867-1A1D-4944-BD0D-70D8C6944BAF}"
EndProject
Project("{FAE04EC0-301F-11D3-BF4B-00C04F79EFBC}") = "RepositoryConsole", "..\RepositoryConsole\RepositoryConsole.csproj", "{45AE26E1-76B8-4B46-9982-AFECCDE435A5}"
EndProject
Project("{FAE04EC0-301F-11D3-BF4B-00C04F79EFBC}") = "RepositoryUnitTest", "..\RepositoryUnitTest\RepositoryUnitTest.csproj", "{C536E403-A350-4580-9D4C-60832B037827}"
EndProject
Global
	GlobalSection(SolutionConfigurationPlatforms) = preSolution
		Debug|Any CPU = Debug|Any CPU
		Release|Any CPU = Release|Any CPU
	EndGlobalSection
	GlobalSection(ProjectConfigurationPlatforms) = postSolution
		{5BB55867-1A1D-4944-BD0D-70D8C6944BAF}.Debug|Any CPU.ActiveCfg = Debug|Any CPU
		{5BB55867-1A1D-4944-BD0D-70D8C6944BAF}.Debug|Any CPU.Build.0 = Debug|Any CPU
		{5BB55867-1A1D-4944-BD0D-70D8C6944BAF}.Release|Any CPU.ActiveCfg = Release|Any CPU
		{5BB55867-1A1D-4944-BD0D-70D8C6944BAF}.Release|Any CPU.Build.0 = Release|Any CPU
		{45AE26E1-76B8-4B46-9982-AFECCDE435A5}.Debug|Any CPU.ActiveCfg = Debug|Any CPU
		{45AE26E1-76B8-4B46-9982-AFECCDE435A5}.Debug|Any CPU.Build.0 = Debug|Any CPU
		{45AE26E1-76B8-4B46-9982-AFECCDE435A5}.Release|Any CPU.ActiveCfg = Release|Any CPU
		{45AE26E1-76B8-4B46-9982-AFECCDE435A5}.Release|Any CPU.Build.0 = Release|Any CPU
		{C536E403-A350-4580-9D4C-60832B037827}.Debug|Any CPU.ActiveCfg = Debug|Any CPU
		{C536E403-A350-4580-9D4C-60832B037827}.Debug|Any CPU.Build.0 = Debug|Any CPU
		{C536E403-A350-4580-9D4C-60832B037827}.Release|Any CPU.ActiveCfg = Release|Any CPU
		{C536E403-A350-4580-9D4C-60832B037827}.Release|Any CPU.Build.0 = Release|Any CPU
	EndGlobalSection
	GlobalSection(SolutionProperties) = preSolution
		HideSolutionNode = FALSE
	EndGlobalSection
	GlobalSection(ExtensibilityGlobals) = postSolution
		SolutionGuid = {B2A9D4BE-7445-4A91-ACAE-1A8144FF40EF}
	EndGlobalSection
EndGlobal
